
Microsoft Visual Studio Solution File, Format Version 12.00
# Visual Studio Version 17
VisualStudioVersion = 17.14.36327.8 d17.14
MinimumVisualStudioVersion = 10.0.40219.1
Project("{FAE04EC0-301F-11D3-BF4B-00C04F79EFBC}") = "LibraryApi", "LibraryApi.csproj", "{9C0B1325-4C1E-40AD-9E1F-B253827B6A8D}"
EndProject
Global
	GlobalSection(SolutionConfigurationPlatforms) = preSolution
		Debug|Any CPU = Debug|Any CPU
		Release|Any CPU = Release|Any CPU
	EndGlobalSection
	GlobalSection(ProjectConfigurationPlatforms) = postSolution
		{9C0B1325-4C1E-40AD-9E1F-B253827B6A8D}.Debug|Any CPU.ActiveCfg = Debug|Any CPU
		{9C0B1325-4C1E-40AD-9E1F-B253827B6A8D}.Debug|Any CPU.Build.0 = Debug|Any CPU
		{9C0B1325-4C1E-40AD-9E1F-B253827B6A8D}.Release|Any CPU.ActiveCfg = Release|Any CPU
		{9C0B1325-4C1E-40AD-9E1F-B253827B6A8D}.Release|Any CPU.Build.0 = Release|Any CPU
	EndGlobalSection
	GlobalSection(SolutionProperties) = preSolution
		HideSolutionNode = FALSE
	EndGlobalSection
	GlobalSection(ExtensibilityGlobals) = postSolution
		SolutionGuid = {0ED50FDC-B5AF-4A2B-883A-71C864965FA2}
	EndGlobalSection
EndGlobal
